// !$*UTF8*$!
{
	archiveVersion = 1;
	classes = {
	};
	objectVersion = 56;
	objects = {

/* Begin PBXBuildFile section */
		C0439A242C5147BD006DE1B7 /* AppDelegate.swift in Sources */ = {isa = PBXBuildFile; fileRef = C0439A232C5147BD006DE1B7 /* AppDelegate.swift */; };
		C0439A262C5147BD006DE1B7 /* SceneDelegate.swift in Sources */ = {isa = PBXBuildFile; fileRef = C0439A252C5147BD006DE1B7 /* SceneDelegate.swift */; };
		C0439A282C5147BD006DE1B7 /* ReposViewController.swift in Sources */ = {isa = PBXBuildFile; fileRef = C0439A272C5147BD006DE1B7 /* ReposViewController.swift */; };
		C0439A2D2C5147C0006DE1B7 /* Assets.xcassets in Resources */ = {isa = PBXBuildFile; fileRef = C0439A2C2C5147C0006DE1B7 /* Assets.xcassets */; };
		C0439A302C5147C0006DE1B7 /* LaunchScreen.storyboard in Resources */ = {isa = PBXBuildFile; fileRef = C0439A2E2C5147C0006DE1B7 /* LaunchScreen.storyboard */; };
		C0439A3B2C5147C0006DE1B7 /* RepositoriesServiceTest.swift in Sources */ = {isa = PBXBuildFile; fileRef = C0439A3A2C5147C0006DE1B7 /* RepositoriesServiceTest.swift */; };
		C0439A452C5147C0006DE1B7 /* GithubReposSearcherUITests.swift in Sources */ = {isa = PBXBuildFile; fileRef = C0439A442C5147C0006DE1B7 /* GithubReposSearcherUITests.swift */; };
		C0439A472C5147C0006DE1B7 /* GithubReposSearcherUITestsLaunchTests.swift in Sources */ = {isa = PBXBuildFile; fileRef = C0439A462C5147C0006DE1B7 /* GithubReposSearcherUITestsLaunchTests.swift */; };
		C0439A5A2C5152C0006DE1B7 /* APIServicePerformable.swift in Sources */ = {isa = PBXBuildFile; fileRef = C0439A552C5152C0006DE1B7 /* APIServicePerformable.swift */; };
		C0439A5B2C5152C0006DE1B7 /* NetworkError.swift in Sources */ = {isa = PBXBuildFile; fileRef = C0439A562C5152C0006DE1B7 /* NetworkError.swift */; };
		C0439A5E2C5152C0006DE1B7 /* APIClient.swift in Sources */ = {isa = PBXBuildFile; fileRef = C0439A592C5152C0006DE1B7 /* APIClient.swift */; };
		C0439A642C515766006DE1B7 /* RepositoriesDTO.swift in Sources */ = {isa = PBXBuildFile; fileRef = C0439A5F2C515766006DE1B7 /* RepositoriesDTO.swift */; };
		C0439A662C515766006DE1B7 /* RepositoriesServiceImpl.swift in Sources */ = {isa = PBXBuildFile; fileRef = C0439A612C515766006DE1B7 /* RepositoriesServiceImpl.swift */; };
		C0439A672C515766006DE1B7 /* RepositoriesService.swift in Sources */ = {isa = PBXBuildFile; fileRef = C0439A622C515766006DE1B7 /* RepositoriesService.swift */; };
		C0439A6F2C523E3B006DE1B7 /* Router.swift in Sources */ = {isa = PBXBuildFile; fileRef = C0439A6E2C523E3B006DE1B7 /* Router.swift */; };
		C0439A732C524671006DE1B7 /* ReposViewModel.swift in Sources */ = {isa = PBXBuildFile; fileRef = C0439A722C524671006DE1B7 /* ReposViewModel.swift */; };
		C0439A762C524D09006DE1B7 /* UIView+Layout.swift in Sources */ = {isa = PBXBuildFile; fileRef = C0439A752C524D09006DE1B7 /* UIView+Layout.swift */; };
		C0439A792C525173006DE1B7 /* RepositoryTableViewCell.swift in Sources */ = {isa = PBXBuildFile; fileRef = C0439A782C525173006DE1B7 /* RepositoryTableViewCell.swift */; };
		C0439A7E2C525264006DE1B7 /* Repository.swift in Sources */ = {isa = PBXBuildFile; fileRef = C0439A7D2C525264006DE1B7 /* Repository.swift */; };
		C0439A812C52AE3A006DE1B7 /* Colors.swift in Sources */ = {isa = PBXBuildFile; fileRef = C0439A802C52AE3A006DE1B7 /* Colors.swift */; };
		C054056B2C52BE050047D261 /* RepositoriesHeaderTableView.swift in Sources */ = {isa = PBXBuildFile; fileRef = C054056A2C52BE050047D261 /* RepositoriesHeaderTableView.swift */; };
		C054056D2C52C9D80047D261 /* NavigationNameView.swift in Sources */ = {isa = PBXBuildFile; fileRef = C054056C2C52C9D80047D261 /* NavigationNameView.swift */; };
		C05405762C52CDC90047D261 /* APIServiceStub.swift in Sources */ = {isa = PBXBuildFile; fileRef = C05405752C52CDC90047D261 /* APIServiceStub.swift */; };
/* End PBXBuildFile section */

/* Begin PBXContainerItemProxy section */
		C0439A372C5147C0006DE1B7 /* PBXContainerItemProxy */ = {
			isa = PBXContainerItemProxy;
			containerPortal = C0439A182C5147BD006DE1B7 /* Project object */;
			proxyType = 1;
			remoteGlobalIDString = C0439A1F2C5147BD006DE1B7;
			remoteInfo = GithubReposSearcher;
		};
		C0439A412C5147C0006DE1B7 /* PBXContainerItemProxy */ = {
			isa = PBXContainerItemProxy;
			containerPortal = C0439A182C5147BD006DE1B7 /* Project object */;
			proxyType = 1;
			remoteGlobalIDString = C0439A1F2C5147BD006DE1B7;
			remoteInfo = GithubReposSearcher;
		};
/* End PBXContainerItemProxy section */

/* Begin PBXFileReference section */
		C0439A202C5147BD006DE1B7 /* GithubReposSearcher.app */ = {isa = PBXFileReference; explicitFileType = wrapper.application; includeInIndex = 0; path = GithubReposSearcher.app; sourceTree = BUILT_PRODUCTS_DIR; };
		C0439A232C5147BD006DE1B7 /* AppDelegate.swift */ = {isa = PBXFileReference; lastKnownFileType = sourcecode.swift; path = AppDelegate.swift; sourceTree = "<group>"; };
		C0439A252C5147BD006DE1B7 /* SceneDelegate.swift */ = {isa = PBXFileReference; lastKnownFileType = sourcecode.swift; path = SceneDelegate.swift; sourceTree = "<group>"; };
		C0439A272C5147BD006DE1B7 /* ReposViewController.swift */ = {isa = PBXFileReference; lastKnownFileType = sourcecode.swift; path = ReposViewController.swift; sourceTree = "<group>"; };
		C0439A2C2C5147C0006DE1B7 /* Assets.xcassets */ = {isa = PBXFileReference; lastKnownFileType = folder.assetcatalog; path = Assets.xcassets; sourceTree = "<group>"; };
		C0439A2F2C5147C0006DE1B7 /* Base */ = {isa = PBXFileReference; lastKnownFileType = file.storyboard; name = Base; path = Base.lproj/LaunchScreen.storyboard; sourceTree = "<group>"; };
		C0439A312C5147C0006DE1B7 /* Info.plist */ = {isa = PBXFileReference; lastKnownFileType = text.plist.xml; path = Info.plist; sourceTree = "<group>"; };
		C0439A362C5147C0006DE1B7 /* GithubReposSearcherTests.xctest */ = {isa = PBXFileReference; explicitFileType = wrapper.cfbundle; includeInIndex = 0; path = GithubReposSearcherTests.xctest; sourceTree = BUILT_PRODUCTS_DIR; };
		C0439A3A2C5147C0006DE1B7 /* RepositoriesServiceTest.swift */ = {isa = PBXFileReference; lastKnownFileType = sourcecode.swift; path = RepositoriesServiceTest.swift; sourceTree = "<group>"; };
		C0439A402C5147C0006DE1B7 /* GithubReposSearcherUITests.xctest */ = {isa = PBXFileReference; explicitFileType = wrapper.cfbundle; includeInIndex = 0; path = GithubReposSearcherUITests.xctest; sourceTree = BUILT_PRODUCTS_DIR; };
		C0439A442C5147C0006DE1B7 /* GithubReposSearcherUITests.swift */ = {isa = PBXFileReference; lastKnownFileType = sourcecode.swift; path = GithubReposSearcherUITests.swift; sourceTree = "<group>"; };
		C0439A462C5147C0006DE1B7 /* GithubReposSearcherUITestsLaunchTests.swift */ = {isa = PBXFileReference; lastKnownFileType = sourcecode.swift; path = GithubReposSearcherUITestsLaunchTests.swift; sourceTree = "<group>"; };
		C0439A552C5152C0006DE1B7 /* APIServicePerformable.swift */ = {isa = PBXFileReference; fileEncoding = 4; lastKnownFileType = sourcecode.swift; path = APIServicePerformable.swift; sourceTree = "<group>"; };
		C0439A562C5152C0006DE1B7 /* NetworkError.swift */ = {isa = PBXFileReference; fileEncoding = 4; lastKnownFileType = sourcecode.swift; path = NetworkError.swift; sourceTree = "<group>"; };
		C0439A592C5152C0006DE1B7 /* APIClient.swift */ = {isa = PBXFileReference; fileEncoding = 4; lastKnownFileType = sourcecode.swift; path = APIClient.swift; sourceTree = "<group>"; };
		C0439A5F2C515766006DE1B7 /* RepositoriesDTO.swift */ = {isa = PBXFileReference; fileEncoding = 4; lastKnownFileType = sourcecode.swift; path = RepositoriesDTO.swift; sourceTree = "<group>"; };
		C0439A612C515766006DE1B7 /* RepositoriesServiceImpl.swift */ = {isa = PBXFileReference; fileEncoding = 4; lastKnownFileType = sourcecode.swift; path = RepositoriesServiceImpl.swift; sourceTree = "<group>"; };
		C0439A622C515766006DE1B7 /* RepositoriesService.swift */ = {isa = PBXFileReference; fileEncoding = 4; lastKnownFileType = sourcecode.swift; path = RepositoriesService.swift; sourceTree = "<group>"; };
		C0439A6E2C523E3B006DE1B7 /* Router.swift */ = {isa = PBXFileReference; lastKnownFileType = sourcecode.swift; path = Router.swift; sourceTree = "<group>"; };
		C0439A722C524671006DE1B7 /* ReposViewModel.swift */ = {isa = PBXFileReference; lastKnownFileType = sourcecode.swift; path = ReposViewModel.swift; sourceTree = "<group>"; };
		C0439A752C524D09006DE1B7 /* UIView+Layout.swift */ = {isa = PBXFileReference; lastKnownFileType = sourcecode.swift; path = "UIView+Layout.swift"; sourceTree = "<group>"; };
		C0439A782C525173006DE1B7 /* RepositoryTableViewCell.swift */ = {isa = PBXFileReference; lastKnownFileType = sourcecode.swift; path = RepositoryTableViewCell.swift; sourceTree = "<group>"; };
		C0439A7D2C525264006DE1B7 /* Repository.swift */ = {isa = PBXFileReference; lastKnownFileType = sourcecode.swift; path = Repository.swift; sourceTree = "<group>"; };
		C0439A802C52AE3A006DE1B7 /* Colors.swift */ = {isa = PBXFileReference; lastKnownFileType = sourcecode.swift; path = Colors.swift; sourceTree = "<group>"; };
		C054056A2C52BE050047D261 /* RepositoriesHeaderTableView.swift */ = {isa = PBXFileReference; lastKnownFileType = sourcecode.swift; path = RepositoriesHeaderTableView.swift; sourceTree = "<group>"; };
		C054056C2C52C9D80047D261 /* NavigationNameView.swift */ = {isa = PBXFileReference; lastKnownFileType = sourcecode.swift; path = NavigationNameView.swift; sourceTree = "<group>"; };
		C05405752C52CDC90047D261 /* APIServiceStub.swift */ = {isa = PBXFileReference; lastKnownFileType = sourcecode.swift; path = APIServiceStub.swift; sourceTree = "<group>"; };
/* End PBXFileReference section */

/* Begin PBXFrameworksBuildPhase section */
		C0439A1D2C5147BD006DE1B7 /* Frameworks */ = {
			isa = PBXFrameworksBuildPhase;
			buildActionMask = 2147483647;
			files = (
			);
			runOnlyForDeploymentPostprocessing = 0;
		};
		C0439A332C5147C0006DE1B7 /* Frameworks */ = {
			isa = PBXFrameworksBuildPhase;
			buildActionMask = 2147483647;
			files = (
			);
			runOnlyForDeploymentPostprocessing = 0;
		};
		C0439A3D2C5147C0006DE1B7 /* Frameworks */ = {
			isa = PBXFrameworksBuildPhase;
			buildActionMask = 2147483647;
			files = (
			);
			runOnlyForDeploymentPostprocessing = 0;
		};
/* End PBXFrameworksBuildPhase section */

/* Begin PBXGroup section */
		C0439A172C5147BD006DE1B7 = {
			isa = PBXGroup;
			children = (
				C0439A222C5147BD006DE1B7 /* GithubReposSearcher */,
				C0439A392C5147C0006DE1B7 /* GithubReposSearcherTests */,
				C0439A432C5147C0006DE1B7 /* GithubReposSearcherUITests */,
				C0439A212C5147BD006DE1B7 /* Products */,
			);
			sourceTree = "<group>";
		};
		C0439A212C5147BD006DE1B7 /* Products */ = {
			isa = PBXGroup;
			children = (
				C0439A202C5147BD006DE1B7 /* GithubReposSearcher.app */,
				C0439A362C5147C0006DE1B7 /* GithubReposSearcherTests.xctest */,
				C0439A402C5147C0006DE1B7 /* GithubReposSearcherUITests.xctest */,
			);
			name = Products;
			sourceTree = "<group>";
		};
		C0439A222C5147BD006DE1B7 /* GithubReposSearcher */ = {
			isa = PBXGroup;
			children = (
				C0439A7F2C52AE2A006DE1B7 /* Resources */,
				C0439A742C524CFB006DE1B7 /* Extensions */,
				C0439A702C52444B006DE1B7 /* Screens */,
				C0439A6D2C523E2E006DE1B7 /* Router */,
				C0439A532C515280006DE1B7 /* Services */,
				C0439A232C5147BD006DE1B7 /* AppDelegate.swift */,
				C0439A252C5147BD006DE1B7 /* SceneDelegate.swift */,
				C0439A2C2C5147C0006DE1B7 /* Assets.xcassets */,
				C0439A2E2C5147C0006DE1B7 /* LaunchScreen.storyboard */,
				C0439A312C5147C0006DE1B7 /* Info.plist */,
			);
			path = GithubReposSearcher;
			sourceTree = "<group>";
		};
		C0439A392C5147C0006DE1B7 /* GithubReposSearcherTests */ = {
			isa = PBXGroup;
			children = (
				C05405742C52CDB20047D261 /* Helpers */,
				C0439A3A2C5147C0006DE1B7 /* RepositoriesServiceTest.swift */,
			);
			path = GithubReposSearcherTests;
			sourceTree = "<group>";
		};
		C0439A432C5147C0006DE1B7 /* GithubReposSearcherUITests */ = {
			isa = PBXGroup;
			children = (
				C0439A442C5147C0006DE1B7 /* GithubReposSearcherUITests.swift */,
				C0439A462C5147C0006DE1B7 /* GithubReposSearcherUITestsLaunchTests.swift */,
			);
			path = GithubReposSearcherUITests;
			sourceTree = "<group>";
		};
		C0439A532C515280006DE1B7 /* Services */ = {
			isa = PBXGroup;
			children = (
				C0439A6C2C522A69006DE1B7 /* APIService */,
				C0439A692C522985006DE1B7 /* ReposService */,
			);
			path = Services;
			sourceTree = "<group>";
		};
		C0439A692C522985006DE1B7 /* ReposService */ = {
			isa = PBXGroup;
			children = (
				C0439A622C515766006DE1B7 /* RepositoriesService.swift */,
				C0439A612C515766006DE1B7 /* RepositoriesServiceImpl.swift */,
				C0439A5F2C515766006DE1B7 /* RepositoriesDTO.swift */,
			);
			path = ReposService;
			sourceTree = "<group>";
		};
		C0439A6C2C522A69006DE1B7 /* APIService */ = {
			isa = PBXGroup;
			children = (
				C0439A552C5152C0006DE1B7 /* APIServicePerformable.swift */,
				C0439A592C5152C0006DE1B7 /* APIClient.swift */,
				C0439A562C5152C0006DE1B7 /* NetworkError.swift */,
			);
			path = APIService;
			sourceTree = "<group>";
		};
		C0439A6D2C523E2E006DE1B7 /* Router */ = {
			isa = PBXGroup;
			children = (
				C0439A6E2C523E3B006DE1B7 /* Router.swift */,
			);
			path = Router;
			sourceTree = "<group>";
		};
		C0439A702C52444B006DE1B7 /* Screens */ = {
			isa = PBXGroup;
			children = (
				C0439A7A2C525219006DE1B7 /* RepositoryList */,
			);
			path = Screens;
			sourceTree = "<group>";
		};
		C0439A712C524650006DE1B7 /* ViewModel */ = {
			isa = PBXGroup;
			children = (
				C0439A722C524671006DE1B7 /* ReposViewModel.swift */,
			);
			path = ViewModel;
			sourceTree = "<group>";
		};
		C0439A742C524CFB006DE1B7 /* Extensions */ = {
			isa = PBXGroup;
			children = (
				C0439A752C524D09006DE1B7 /* UIView+Layout.swift */,
			);
			path = Extensions;
			sourceTree = "<group>";
		};
		C0439A772C52515A006DE1B7 /* Views */ = {
			isa = PBXGroup;
			children = (
				C054056C2C52C9D80047D261 /* NavigationNameView.swift */,
				C054056A2C52BE050047D261 /* RepositoriesHeaderTableView.swift */,
				C0439A782C525173006DE1B7 /* RepositoryTableViewCell.swift */,
				C0439A272C5147BD006DE1B7 /* ReposViewController.swift */,
			);
			path = Views;
			sourceTree = "<group>";
		};
		C0439A7A2C525219006DE1B7 /* RepositoryList */ = {
			isa = PBXGroup;
			children = (
				C0439A7C2C525255006DE1B7 /* Model */,
				C0439A712C524650006DE1B7 /* ViewModel */,
				C0439A772C52515A006DE1B7 /* Views */,
			);
			path = RepositoryList;
			sourceTree = "<group>";
		};
		C0439A7C2C525255006DE1B7 /* Model */ = {
			isa = PBXGroup;
			children = (
				C0439A7D2C525264006DE1B7 /* Repository.swift */,
			);
			path = Model;
			sourceTree = "<group>";
		};
		C0439A7F2C52AE2A006DE1B7 /* Resources */ = {
			isa = PBXGroup;
			children = (
				C0439A802C52AE3A006DE1B7 /* Colors.swift */,
			);
			path = Resources;
			sourceTree = "<group>";
		};
		C05405742C52CDB20047D261 /* Helpers */ = {
			isa = PBXGroup;
			children = (
				C05405752C52CDC90047D261 /* APIServiceStub.swift */,
			);
			path = Helpers;
			sourceTree = "<group>";
		};
/* End PBXGroup section */

/* Begin PBXNativeTarget section */
		C0439A1F2C5147BD006DE1B7 /* GithubReposSearcher */ = {
			isa = PBXNativeTarget;
			buildConfigurationList = C0439A4A2C5147C0006DE1B7 /* Build configuration list for PBXNativeTarget "GithubReposSearcher" */;
			buildPhases = (
				C0439A1C2C5147BD006DE1B7 /* Sources */,
				C0439A1D2C5147BD006DE1B7 /* Frameworks */,
				C0439A1E2C5147BD006DE1B7 /* Resources */,
			);
			buildRules = (
			);
			dependencies = (
			);
			name = GithubReposSearcher;
			productName = GithubReposSearcher;
			productReference = C0439A202C5147BD006DE1B7 /* GithubReposSearcher.app */;
			productType = "com.apple.product-type.application";
		};
		C0439A352C5147C0006DE1B7 /* GithubReposSearcherTests */ = {
			isa = PBXNativeTarget;
			buildConfigurationList = C0439A4D2C5147C0006DE1B7 /* Build configuration list for PBXNativeTarget "GithubReposSearcherTests" */;
			buildPhases = (
				C0439A322C5147C0006DE1B7 /* Sources */,
				C0439A332C5147C0006DE1B7 /* Frameworks */,
				C0439A342C5147C0006DE1B7 /* Resources */,
			);
			buildRules = (
			);
			dependencies = (
				C0439A382C5147C0006DE1B7 /* PBXTargetDependency */,
			);
			name = GithubReposSearcherTests;
			productName = GithubReposSearcherTests;
			productReference = C0439A362C5147C0006DE1B7 /* GithubReposSearcherTests.xctest */;
			productType = "com.apple.product-type.bundle.unit-test";
		};
		C0439A3F2C5147C0006DE1B7 /* GithubReposSearcherUITests */ = {
			isa = PBXNativeTarget;
			buildConfigurationList = C0439A502C5147C0006DE1B7 /* Build configuration list for PBXNativeTarget "GithubReposSearcherUITests" */;
			buildPhases = (
				C0439A3C2C5147C0006DE1B7 /* Sources */,
				C0439A3D2C5147C0006DE1B7 /* Frameworks */,
				C0439A3E2C5147C0006DE1B7 /* Resources */,
			);
			buildRules = (
			);
			dependencies = (
				C0439A422C5147C0006DE1B7 /* PBXTargetDependency */,
			);
			name = GithubReposSearcherUITests;
			productName = GithubReposSearcherUITests;
			productReference = C0439A402C5147C0006DE1B7 /* GithubReposSearcherUITests.xctest */;
			productType = "com.apple.product-type.bundle.ui-testing";
		};
/* End PBXNativeTarget section */

/* Begin PBXProject section */
		C0439A182C5147BD006DE1B7 /* Project object */ = {
			isa = PBXProject;
			attributes = {
				BuildIndependentTargetsInParallel = 1;
				LastSwiftUpdateCheck = 1500;
				LastUpgradeCheck = 1500;
				TargetAttributes = {
					C0439A1F2C5147BD006DE1B7 = {
						CreatedOnToolsVersion = 15.0.1;
					};
					C0439A352C5147C0006DE1B7 = {
						CreatedOnToolsVersion = 15.0.1;
						TestTargetID = C0439A1F2C5147BD006DE1B7;
					};
					C0439A3F2C5147C0006DE1B7 = {
						CreatedOnToolsVersion = 15.0.1;
						TestTargetID = C0439A1F2C5147BD006DE1B7;
					};
				};
			};
			buildConfigurationList = C0439A1B2C5147BD006DE1B7 /* Build configuration list for PBXProject "GithubReposSearcher" */;
			compatibilityVersion = "Xcode 14.0";
			developmentRegion = en;
			hasScannedForEncodings = 0;
			knownRegions = (
				en,
				Base,
			);
			mainGroup = C0439A172C5147BD006DE1B7;
			productRefGroup = C0439A212C5147BD006DE1B7 /* Products */;
			projectDirPath = "";
			projectRoot = "";
			targets = (
				C0439A1F2C5147BD006DE1B7 /* GithubReposSearcher */,
				C0439A352C5147C0006DE1B7 /* GithubReposSearcherTests */,
				C0439A3F2C5147C0006DE1B7 /* GithubReposSearcherUITests */,
			);
		};
/* End PBXProject section */

/* Begin PBXResourcesBuildPhase section */
		C0439A1E2C5147BD006DE1B7 /* Resources */ = {
			isa = PBXResourcesBuildPhase;
			buildActionMask = 2147483647;
			files = (
				C0439A302C5147C0006DE1B7 /* LaunchScreen.storyboard in Resources */,
				C0439A2D2C5147C0006DE1B7 /* Assets.xcassets in Resources */,
			);
			runOnlyForDeploymentPostprocessing = 0;
		};
		C0439A342C5147C0006DE1B7 /* Resources */ = {
			isa = PBXResourcesBuildPhase;
			buildActionMask = 2147483647;
			files = (
			);
			runOnlyForDeploymentPostprocessing = 0;
		};
		C0439A3E2C5147C0006DE1B7 /* Resources */ = {
			isa = PBXResourcesBuildPhase;
			buildActionMask = 2147483647;
			files = (
			);
			runOnlyForDeploymentPostprocessing = 0;
		};
/* End PBXResourcesBuildPhase section */

/* Begin PBXSourcesBuildPhase section */
		C0439A1C2C5147BD006DE1B7 /* Sources */ = {
			isa = PBXSourcesBuildPhase;
			buildActionMask = 2147483647;
			files = (
				C054056B2C52BE050047D261 /* RepositoriesHeaderTableView.swift in Sources */,
				C0439A732C524671006DE1B7 /* ReposViewModel.swift in Sources */,
				C0439A812C52AE3A006DE1B7 /* Colors.swift in Sources */,
				C054056D2C52C9D80047D261 /* NavigationNameView.swift in Sources */,
				C0439A662C515766006DE1B7 /* RepositoriesServiceImpl.swift in Sources */,
				C0439A672C515766006DE1B7 /* RepositoriesService.swift in Sources */,
				C0439A6F2C523E3B006DE1B7 /* Router.swift in Sources */,
				C0439A5A2C5152C0006DE1B7 /* APIServicePerformable.swift in Sources */,
				C0439A792C525173006DE1B7 /* RepositoryTableViewCell.swift in Sources */,
				C0439A282C5147BD006DE1B7 /* ReposViewController.swift in Sources */,
				C0439A7E2C525264006DE1B7 /* Repository.swift in Sources */,
				C0439A242C5147BD006DE1B7 /* AppDelegate.swift in Sources */,
				C0439A262C5147BD006DE1B7 /* SceneDelegate.swift in Sources */,
				C0439A762C524D09006DE1B7 /* UIView+Layout.swift in Sources */,
				C0439A5E2C5152C0006DE1B7 /* APIClient.swift in Sources */,
				C0439A5B2C5152C0006DE1B7 /* NetworkError.swift in Sources */,
				C0439A642C515766006DE1B7 /* RepositoriesDTO.swift in Sources */,
			);
			runOnlyForDeploymentPostprocessing = 0;
		};
		C0439A322C5147C0006DE1B7 /* Sources */ = {
			isa = PBXSourcesBuildPhase;
			buildActionMask = 2147483647;
			files = (
				C05405762C52CDC90047D261 /* APIServiceStub.swift in Sources */,
				C0439A3B2C5147C0006DE1B7 /* RepositoriesServiceTest.swift in Sources */,
			);
			runOnlyForDeploymentPostprocessing = 0;
		};
		C0439A3C2C5147C0006DE1B7 /* Sources */ = {
			isa = PBXSourcesBuildPhase;
			buildActionMask = 2147483647;
			files = (
				C0439A472C5147C0006DE1B7 /* GithubReposSearcherUITestsLaunchTests.swift in Sources */,
				C0439A452C5147C0006DE1B7 /* GithubReposSearcherUITests.swift in Sources */,
			);
			runOnlyForDeploymentPostprocessing = 0;
		};
/* End PBXSourcesBuildPhase section */

/* Begin PBXTargetDependency section */
		C0439A382C5147C0006DE1B7 /* PBXTargetDependency */ = {
			isa = PBXTargetDependency;
			target = C0439A1F2C5147BD006DE1B7 /* GithubReposSearcher */;
			targetProxy = C0439A372C5147C0006DE1B7 /* PBXContainerItemProxy */;
		};
		C0439A422C5147C0006DE1B7 /* PBXTargetDependency */ = {
			isa = PBXTargetDependency;
			target = C0439A1F2C5147BD006DE1B7 /* GithubReposSearcher */;
			targetProxy = C0439A412C5147C0006DE1B7 /* PBXContainerItemProxy */;
		};
/* End PBXTargetDependency section */

/* Begin PBXVariantGroup section */
		C0439A2E2C5147C0006DE1B7 /* LaunchScreen.storyboard */ = {
			isa = PBXVariantGroup;
			children = (
				C0439A2F2C5147C0006DE1B7 /* Base */,
			);
			name = LaunchScreen.storyboard;
			sourceTree = "<group>";
		};
/* End PBXVariantGroup section */

/* Begin XCBuildConfiguration section */
		C0439A482C5147C0006DE1B7 /* Debug */ = {
			isa = XCBuildConfiguration;
			buildSettings = {
				ALWAYS_SEARCH_USER_PATHS = NO;
				ASSETCATALOG_COMPILER_GENERATE_SWIFT_ASSET_SYMBOL_EXTENSIONS = YES;
				CLANG_ANALYZER_NONNULL = YES;
				CLANG_ANALYZER_NUMBER_OBJECT_CONVERSION = YES_AGGRESSIVE;
				CLANG_CXX_LANGUAGE_STANDARD = "gnu++20";
				CLANG_ENABLE_MODULES = YES;
				CLANG_ENABLE_OBJC_ARC = YES;
				CLANG_ENABLE_OBJC_WEAK = YES;
				CLANG_WARN_BLOCK_CAPTURE_AUTORELEASING = YES;
				CLANG_WARN_BOOL_CONVERSION = YES;
				CLANG_WARN_COMMA = YES;
				CLANG_WARN_CONSTANT_CONVERSION = YES;
				CLANG_WARN_DEPRECATED_OBJC_IMPLEMENTATIONS = YES;
				CLANG_WARN_DIRECT_OBJC_ISA_USAGE = YES_ERROR;
				CLANG_WARN_DOCUMENTATION_COMMENTS = YES;
				CLANG_WARN_EMPTY_BODY = YES;
				CLANG_WARN_ENUM_CONVERSION = YES;
				CLANG_WARN_INFINITE_RECURSION = YES;
				CLANG_WARN_INT_CONVERSION = YES;
				CLANG_WARN_NON_LITERAL_NULL_CONVERSION = YES;
				CLANG_WARN_OBJC_IMPLICIT_RETAIN_SELF = YES;
				CLANG_WARN_OBJC_LITERAL_CONVERSION = YES;
				CLANG_WARN_OBJC_ROOT_CLASS = YES_ERROR;
				CLANG_WARN_QUOTED_INCLUDE_IN_FRAMEWORK_HEADER = YES;
				CLANG_WARN_RANGE_LOOP_ANALYSIS = YES;
				CLANG_WARN_STRICT_PROTOTYPES = YES;
				CLANG_WARN_SUSPICIOUS_MOVE = YES;
				CLANG_WARN_UNGUARDED_AVAILABILITY = YES_AGGRESSIVE;
				CLANG_WARN_UNREACHABLE_CODE = YES;
				CLANG_WARN__DUPLICATE_METHOD_MATCH = YES;
				COPY_PHASE_STRIP = NO;
				DEBUG_INFORMATION_FORMAT = dwarf;
				ENABLE_STRICT_OBJC_MSGSEND = YES;
				ENABLE_TESTABILITY = YES;
				ENABLE_USER_SCRIPT_SANDBOXING = YES;
				GCC_C_LANGUAGE_STANDARD = gnu17;
				GCC_DYNAMIC_NO_PIC = NO;
				GCC_NO_COMMON_BLOCKS = YES;
				GCC_OPTIMIZATION_LEVEL = 0;
				GCC_PREPROCESSOR_DEFINITIONS = (
					"DEBUG=1",
					"$(inherited)",
				);
				GCC_WARN_64_TO_32_BIT_CONVERSION = YES;
				GCC_WARN_ABOUT_RETURN_TYPE = YES_ERROR;
				GCC_WARN_UNDECLARED_SELECTOR = YES;
				GCC_WARN_UNINITIALIZED_AUTOS = YES_AGGRESSIVE;
				GCC_WARN_UNUSED_FUNCTION = YES;
				GCC_WARN_UNUSED_VARIABLE = YES;
				IPHONEOS_DEPLOYMENT_TARGET = 17.0;
				LOCALIZATION_PREFERS_STRING_CATALOGS = YES;
				MTL_ENABLE_DEBUG_INFO = INCLUDE_SOURCE;
				MTL_FAST_MATH = YES;
				ONLY_ACTIVE_ARCH = YES;
				SDKROOT = iphoneos;
				SWIFT_ACTIVE_COMPILATION_CONDITIONS = "DEBUG $(inherited)";
				SWIFT_OPTIMIZATION_LEVEL = "-Onone";
			};
			name = Debug;
		};
		C0439A492C5147C0006DE1B7 /* Release */ = {
			isa = XCBuildConfiguration;
			buildSettings = {
				ALWAYS_SEARCH_USER_PATHS = NO;
				ASSETCATALOG_COMPILER_GENERATE_SWIFT_ASSET_SYMBOL_EXTENSIONS = YES;
				CLANG_ANALYZER_NONNULL = YES;
				CLANG_ANALYZER_NUMBER_OBJECT_CONVERSION = YES_AGGRESSIVE;
				CLANG_CXX_LANGUAGE_STANDARD = "gnu++20";
				CLANG_ENABLE_MODULES = YES;
				CLANG_ENABLE_OBJC_ARC = YES;
				CLANG_ENABLE_OBJC_WEAK = YES;
				CLANG_WARN_BLOCK_CAPTURE_AUTORELEASING = YES;
				CLANG_WARN_BOOL_CONVERSION = YES;
				CLANG_WARN_COMMA = YES;
				CLANG_WARN_CONSTANT_CONVERSION = YES;
				CLANG_WARN_DEPRECATED_OBJC_IMPLEMENTATIONS = YES;
				CLANG_WARN_DIRECT_OBJC_ISA_USAGE = YES_ERROR;
				CLANG_WARN_DOCUMENTATION_COMMENTS = YES;
				CLANG_WARN_EMPTY_BODY = YES;
				CLANG_WARN_ENUM_CONVERSION = YES;
				CLANG_WARN_INFINITE_RECURSION = YES;
				CLANG_WARN_INT_CONVERSION = YES;
				CLANG_WARN_NON_LITERAL_NULL_CONVERSION = YES;
				CLANG_WARN_OBJC_IMPLICIT_RETAIN_SELF = YES;
				CLANG_WARN_OBJC_LITERAL_CONVERSION = YES;
				CLANG_WARN_OBJC_ROOT_CLASS = YES_ERROR;
				CLANG_WARN_QUOTED_INCLUDE_IN_FRAMEWORK_HEADER = YES;
				CLANG_WARN_RANGE_LOOP_ANALYSIS = YES;
				CLANG_WARN_STRICT_PROTOTYPES = YES;
				CLANG_WARN_SUSPICIOUS_MOVE = YES;
				CLANG_WARN_UNGUARDED_AVAILABILITY = YES_AGGRESSIVE;
				CLANG_WARN_UNREACHABLE_CODE = YES;
				CLANG_WARN__DUPLICATE_METHOD_MATCH = YES;
				COPY_PHASE_STRIP = NO;
				DEBUG_INFORMATION_FORMAT = "dwarf-with-dsym";
				ENABLE_NS_ASSERTIONS = NO;
				ENABLE_STRICT_OBJC_MSGSEND = YES;
				ENABLE_USER_SCRIPT_SANDBOXING = YES;
				GCC_C_LANGUAGE_STANDARD = gnu17;
				GCC_NO_COMMON_BLOCKS = YES;
				GCC_WARN_64_TO_32_BIT_CONVERSION = YES;
				GCC_WARN_ABOUT_RETURN_TYPE = YES_ERROR;
				GCC_WARN_UNDECLARED_SELECTOR = YES;
				GCC_WARN_UNINITIALIZED_AUTOS = YES_AGGRESSIVE;
				GCC_WARN_UNUSED_FUNCTION = YES;
				GCC_WARN_UNUSED_VARIABLE = YES;
				IPHONEOS_DEPLOYMENT_TARGET = 17.0;
				LOCALIZATION_PREFERS_STRING_CATALOGS = YES;
				MTL_ENABLE_DEBUG_INFO = NO;
				MTL_FAST_MATH = YES;
				SDKROOT = iphoneos;
				SWIFT_COMPILATION_MODE = wholemodule;
				VALIDATE_PRODUCT = YES;
			};
			name = Release;
		};
		C0439A4B2C5147C0006DE1B7 /* Debug */ = {
			isa = XCBuildConfiguration;
			buildSettings = {
				ASSETCATALOG_COMPILER_APPICON_NAME = AppIcon;
				ASSETCATALOG_COMPILER_GLOBAL_ACCENT_COLOR_NAME = AccentColor;
				CODE_SIGN_STYLE = Automatic;
				CURRENT_PROJECT_VERSION = 1;
				GENERATE_INFOPLIST_FILE = YES;
				INFOPLIST_FILE = GithubReposSearcher/Info.plist;
				INFOPLIST_KEY_UIApplicationSupportsIndirectInputEvents = YES;
				INFOPLIST_KEY_UILaunchStoryboardName = LaunchScreen;
				INFOPLIST_KEY_UIMainStoryboardFile = "";
				INFOPLIST_KEY_UISupportedInterfaceOrientations_iPad = "UIInterfaceOrientationPortrait UIInterfaceOrientationPortraitUpsideDown UIInterfaceOrientationLandscapeLeft UIInterfaceOrientationLandscapeRight";
				INFOPLIST_KEY_UISupportedInterfaceOrientations_iPhone = "UIInterfaceOrientationPortrait UIInterfaceOrientationLandscapeLeft UIInterfaceOrientationLandscapeRight";
				LD_RUNPATH_SEARCH_PATHS = (
					"$(inherited)",
					"@executable_path/Frameworks",
				);
				MARKETING_VERSION = 1.0;
				PRODUCT_BUNDLE_IDENTIFIER = com.ViktorDrykin.GithubReposSearcher;
				PRODUCT_NAME = "$(TARGET_NAME)";
				SWIFT_EMIT_LOC_STRINGS = YES;
				SWIFT_VERSION = 5.0;
				TARGETED_DEVICE_FAMILY = "1,2";
			};
			name = Debug;
		};
		C0439A4C2C5147C0006DE1B7 /* Release */ = {
			isa = XCBuildConfiguration;
			buildSettings = {
				ASSETCATALOG_COMPILER_APPICON_NAME = AppIcon;
				ASSETCATALOG_COMPILER_GLOBAL_ACCENT_COLOR_NAME = AccentColor;
				CODE_SIGN_STYLE = Automatic;
				CURRENT_PROJECT_VERSION = 1;
				GENERATE_INFOPLIST_FILE = YES;
				INFOPLIST_FILE = GithubReposSearcher/Info.plist;
				INFOPLIST_KEY_UIApplicationSupportsIndirectInputEvents = YES;
				INFOPLIST_KEY_UILaunchStoryboardName = LaunchScreen;
				INFOPLIST_KEY_UIMainStoryboardFile = "";
				INFOPLIST_KEY_UISupportedInterfaceOrientations_iPad = "UIInterfaceOrientationPortrait UIInterfaceOrientationPortraitUpsideDown UIInterfaceOrientationLandscapeLeft UIInterfaceOrientationLandscapeRight";
				INFOPLIST_KEY_UISupportedInterfaceOrientations_iPhone = "UIInterfaceOrientationPortrait UIInterfaceOrientationLandscapeLeft UIInterfaceOrientationLandscapeRight";
				LD_RUNPATH_SEARCH_PATHS = (
					"$(inherited)",
					"@executable_path/Frameworks",
				);
				MARKETING_VERSION = 1.0;
				PRODUCT_BUNDLE_IDENTIFIER = com.ViktorDrykin.GithubReposSearcher;
				PRODUCT_NAME = "$(TARGET_NAME)";
				SWIFT_EMIT_LOC_STRINGS = YES;
				SWIFT_VERSION = 5.0;
				TARGETED_DEVICE_FAMILY = "1,2";
			};
			name = Release;
		};
		C0439A4E2C5147C0006DE1B7 /* Debug */ = {
			isa = XCBuildConfiguration;
			buildSettings = {
				ALWAYS_EMBED_SWIFT_STANDARD_LIBRARIES = YES;
				BUNDLE_LOADER = "$(TEST_HOST)";
				CODE_SIGN_STYLE = Automatic;
				CURRENT_PROJECT_VERSION = 1;
				GENERATE_INFOPLIST_FILE = YES;
				IPHONEOS_DEPLOYMENT_TARGET = 17.0;
				MARKETING_VERSION = 1.0;
				PRODUCT_BUNDLE_IDENTIFIER = com.ViktorDrykin.GithubReposSearcherTests;
				PRODUCT_NAME = "$(TARGET_NAME)";
				SWIFT_EMIT_LOC_STRINGS = NO;
				SWIFT_VERSION = 5.0;
				TARGETED_DEVICE_FAMILY = "1,2";
				TEST_HOST = "$(BUILT_PRODUCTS_DIR)/GithubReposSearcher.app/$(BUNDLE_EXECUTABLE_FOLDER_PATH)/GithubReposSearcher";
			};
			name = Debug;
		};
		C0439A4F2C5147C0006DE1B7 /* Release */ = {
			isa = XCBuildConfiguration;
			buildSettings = {
				ALWAYS_EMBED_SWIFT_STANDARD_LIBRARIES = YES;
				BUNDLE_LOADER = "$(TEST_HOST)";
				CODE_SIGN_STYLE = Automatic;
				CURRENT_PROJECT_VERSION = 1;
				GENERATE_INFOPLIST_FILE = YES;
				IPHONEOS_DEPLOYMENT_TARGET = 17.0;
				MARKETING_VERSION = 1.0;
				PRODUCT_BUNDLE_IDENTIFIER = com.ViktorDrykin.GithubReposSearcherTests;
				PRODUCT_NAME = "$(TARGET_NAME)";
				SWIFT_EMIT_LOC_STRINGS = NO;
				SWIFT_VERSION = 5.0;
				TARGETED_DEVICE_FAMILY = "1,2";
				TEST_HOST = "$(BUILT_PRODUCTS_DIR)/GithubReposSearcher.app/$(BUNDLE_EXECUTABLE_FOLDER_PATH)/GithubReposSearcher";
			};
			name = Release;
		};
		C0439A512C5147C0006DE1B7 /* Debug */ = {
			isa = XCBuildConfiguration;
			buildSettings = {
				ALWAYS_EMBED_SWIFT_STANDARD_LIBRARIES = YES;
				CODE_SIGN_STYLE = Automatic;
				CURRENT_PROJECT_VERSION = 1;
				GENERATE_INFOPLIST_FILE = YES;
				MARKETING_VERSION = 1.0;
				PRODUCT_BUNDLE_IDENTIFIER = com.ViktorDrykin.GithubReposSearcherUITests;
				PRODUCT_NAME = "$(TARGET_NAME)";
				SWIFT_EMIT_LOC_STRINGS = NO;
				SWIFT_VERSION = 5.0;
				TARGETED_DEVICE_FAMILY = "1,2";
				TEST_TARGET_NAME = GithubReposSearcher;
			};
			name = Debug;
		};
		C0439A522C5147C0006DE1B7 /* Release */ = {
			isa = XCBuildConfiguration;
			buildSettings = {
				ALWAYS_EMBED_SWIFT_STANDARD_LIBRARIES = YES;
				CODE_SIGN_STYLE = Automatic;
				CURRENT_PROJECT_VERSION = 1;
				GENERATE_INFOPLIST_FILE = YES;
				MARKETING_VERSION = 1.0;
				PRODUCT_BUNDLE_IDENTIFIER = com.ViktorDrykin.GithubReposSearcherUITests;
				PRODUCT_NAME = "$(TARGET_NAME)";
				SWIFT_EMIT_LOC_STRINGS = NO;
				SWIFT_VERSION = 5.0;
				TARGETED_DEVICE_FAMILY = "1,2";
				TEST_TARGET_NAME = GithubReposSearcher;
			};
			name = Release;
		};
/* End XCBuildConfiguration section */

/* Begin XCConfigurationList section */
		C0439A1B2C5147BD006DE1B7 /* Build configuration list for PBXProject "GithubReposSearcher" */ = {
			isa = XCConfigurationList;
			buildConfigurations = (
				C0439A482C5147C0006DE1B7 /* Debug */,
				C0439A492C5147C0006DE1B7 /* Release */,
			);
			defaultConfigurationIsVisible = 0;
			defaultConfigurationName = Release;
		};
		C0439A4A2C5147C0006DE1B7 /* Build configuration list for PBXNativeTarget "GithubReposSearcher" */ = {
			isa = XCConfigurationList;
			buildConfigurations = (
				C0439A4B2C5147C0006DE1B7 /* Debug */,
				C0439A4C2C5147C0006DE1B7 /* Release */,
			);
			defaultConfigurationIsVisible = 0;
			defaultConfigurationName = Release;
		};
		C0439A4D2C5147C0006DE1B7 /* Build configuration list for PBXNativeTarget "GithubReposSearcherTests" */ = {
			isa = XCConfigurationList;
			buildConfigurations = (
				C0439A4E2C5147C0006DE1B7 /* Debug */,
				C0439A4F2C5147C0006DE1B7 /* Release */,
			);
			defaultConfigurationIsVisible = 0;
			defaultConfigurationName = Release;
		};
		C0439A502C5147C0006DE1B7 /* Build configuration list for PBXNativeTarget "GithubReposSearcherUITests" */ = {
			isa = XCConfigurationList;
			buildConfigurations = (
				C0439A512C5147C0006DE1B7 /* Debug */,
				C0439A522C5147C0006DE1B7 /* Release */,
			);
			defaultConfigurationIsVisible = 0;
			defaultConfigurationName = Release;
		};
/* End XCConfigurationList section */
	};
	rootObject = C0439A182C5147BD006DE1B7 /* Project object */;
}
